
Microsoft Visual Studio Solution File, Format Version 12.00
# Visual Studio Version 16
VisualStudioVersion = 16.0.33130.400
MinimumVisualStudioVersion = 10.0.40219.1
Project("{FAE04EC0-301F-11D3-BF4B-00C04F79EFBC}") = "Demob3", "Demo\Demob3.csproj", "{0C4E96FB-E75B-41EA-9CFE-19A79EDD2992}"
EndProject
Global
	GlobalSection(SolutionConfigurationPlatforms) = preSolution
		Debug|Any CPU = Debug|Any CPU
		Release|Any CPU = Release|Any CPU
	EndGlobalSection
	GlobalSection(ProjectConfigurationPlatforms) = postSolution
		{0C4E96FB-E75B-41EA-9CFE-19A79EDD2992}.Debug|Any CPU.ActiveCfg = Debug|Any CPU
		{0C4E96FB-E75B-41EA-9CFE-19A79EDD2992}.Debug|Any CPU.Build.0 = Debug|Any CPU
		{0C4E96FB-E75B-41EA-9CFE-19A79EDD2992}.Release|Any CPU.ActiveCfg = Release|Any CPU
		{0C4E96FB-E75B-41EA-9CFE-19A79EDD2992}.Release|Any CPU.Build.0 = Release|Any CPU
	EndGlobalSection
	GlobalSection(SolutionProperties) = preSolution
		HideSolutionNode = FALSE
	EndGlobalSection
	GlobalSection(ExtensibilityGlobals) = postSolution
		SolutionGuid = {BF4835B5-38F3-42DA-B769-5B74A2CEE9CF}
	EndGlobalSection
EndGlobal
